
Microsoft Visual Studio Solution File, Format Version 12.00
# Visual Studio Version 17
VisualStudioVersion = 17.8.34322.80
MinimumVisualStudioVersion = 10.0.40219.1
Project("{2150E333-8FDC-42A3-9474-1A3956D46DE8}") = "Misc", "Misc", "{27D70702-4BB1-49EC-B134-03EEE6B76065}"
	ProjectSection(SolutionItems) = preProject
		Misc\Author.json = Misc\Author.json
		Misc\Institution.json = Misc\Institution.json
		Misc\Work.json = Misc\Work.json
	EndProjectSection
EndProject
Project("{2150E333-8FDC-42A3-9474-1A3956D46DE8}") = "Solution Items", "Solution Items", "{E53EA48E-38F4-4D02-BFDD-08D9C8304DBD}"
	ProjectSection(SolutionItems) = preProject
		.gitattributes = .gitattributes
		.gitignore = .gitignore
		README.md = README.md
	EndProjectSection
EndProject
Project("{9A19103F-16F7-4668-BE54-9A1E7A4F7556}") = "Beyond.Shared", "Beyond.Shared\Beyond.Shared.csproj", "{88F73EF6-0560-4076-9A7F-B8E03E0B5A75}"
EndProject
Project("{9A19103F-16F7-4668-BE54-9A1E7A4F7556}") = "Beyond.SearchEngine", "Beyond.SearchEngine\Beyond.SearchEngine.csproj", "{58325037-B0AA-40C6-A672-7AA78A958364}"
EndProject
Project("{9A19103F-16F7-4668-BE54-9A1E7A4F7556}") = "IndexTest", "IndexTest\IndexTest.csproj", "{6B83FD92-BFA6-49A4-8D18-C62C5E361B54}"
EndProject
Global
	GlobalSection(SolutionConfigurationPlatforms) = preSolution
		Debug|Any CPU = Debug|Any CPU
		Debug|x64 = Debug|x64
		Release|Any CPU = Release|Any CPU
		Release|x64 = Release|x64
	EndGlobalSection
	GlobalSection(ProjectConfigurationPlatforms) = postSolution
		{88F73EF6-0560-4076-9A7F-B8E03E0B5A75}.Debug|Any CPU.ActiveCfg = Debug|Any CPU
		{88F73EF6-0560-4076-9A7F-B8E03E0B5A75}.Debug|Any CPU.Build.0 = Debug|Any CPU
		{88F73EF6-0560-4076-9A7F-B8E03E0B5A75}.Debug|x64.ActiveCfg = Debug|x64
		{88F73EF6-0560-4076-9A7F-B8E03E0B5A75}.Debug|x64.Build.0 = Debug|x64
		{88F73EF6-0560-4076-9A7F-B8E03E0B5A75}.Release|Any CPU.ActiveCfg = Release|Any CPU
		{88F73EF6-0560-4076-9A7F-B8E03E0B5A75}.Release|Any CPU.Build.0 = Release|Any CPU
		{88F73EF6-0560-4076-9A7F-B8E03E0B5A75}.Release|x64.ActiveCfg = Release|x64
		{88F73EF6-0560-4076-9A7F-B8E03E0B5A75}.Release|x64.Build.0 = Release|x64
		{58325037-B0AA-40C6-A672-7AA78A958364}.Debug|Any CPU.ActiveCfg = Debug|Any CPU
		{58325037-B0AA-40C6-A672-7AA78A958364}.Debug|Any CPU.Build.0 = Debug|Any CPU
		{58325037-B0AA-40C6-A672-7AA78A958364}.Debug|x64.ActiveCfg = Debug|x64
		{58325037-B0AA-40C6-A672-7AA78A958364}.Debug|x64.Build.0 = Debug|x64
		{58325037-B0AA-40C6-A672-7AA78A958364}.Release|Any CPU.ActiveCfg = Release|Any CPU
		{58325037-B0AA-40C6-A672-7AA78A958364}.Release|Any CPU.Build.0 = Release|Any CPU
		{58325037-B0AA-40C6-A672-7AA78A958364}.Release|x64.ActiveCfg = Release|x64
		{58325037-B0AA-40C6-A672-7AA78A958364}.Release|x64.Build.0 = Release|x64
		{6B83FD92-BFA6-49A4-8D18-C62C5E361B54}.Debug|Any CPU.ActiveCfg = Debug|Any CPU
		{6B83FD92-BFA6-49A4-8D18-C62C5E361B54}.Debug|Any CPU.Build.0 = Debug|Any CPU
		{6B83FD92-BFA6-49A4-8D18-C62C5E361B54}.Debug|x64.ActiveCfg = Debug|x64
		{6B83FD92-BFA6-49A4-8D18-C62C5E361B54}.Debug|x64.Build.0 = Debug|x64
		{6B83FD92-BFA6-49A4-8D18-C62C5E361B54}.Release|Any CPU.ActiveCfg = Release|Any CPU
		{6B83FD92-BFA6-49A4-8D18-C62C5E361B54}.Release|Any CPU.Build.0 = Release|Any CPU
		{6B83FD92-BFA6-49A4-8D18-C62C5E361B54}.Release|x64.ActiveCfg = Release|x64
		{6B83FD92-BFA6-49A4-8D18-C62C5E361B54}.Release|x64.Build.0 = Release|x64
	EndGlobalSection
	GlobalSection(SolutionProperties) = preSolution
		HideSolutionNode = FALSE
	EndGlobalSection
	GlobalSection(NestedProjects) = preSolution
		{27D70702-4BB1-49EC-B134-03EEE6B76065} = {E53EA48E-38F4-4D02-BFDD-08D9C8304DBD}
	EndGlobalSection
	GlobalSection(ExtensibilityGlobals) = postSolution
		SolutionGuid = {1C3C9958-E7C2-40EB-8C4C-51DBB6B6178A}
	EndGlobalSection
EndGlobal
